
Microsoft Visual Studio Solution File, Format Version 12.00
# Visual Studio Version 17
VisualStudioVersion = 17.6.33801.468
MinimumVisualStudioVersion = 10.0.40219.1
Project("{888888A0-9F3D-457C-B088-3A5042F75D52}") = "FirstSeminar", "FirstSeminar\FirstSeminar.pyproj", "{FD1F9404-EE7F-48A4-8542-80A99354BF66}"
EndProject
Project("{888888A0-9F3D-457C-B088-3A5042F75D52}") = "SecondSeminar", "SecondSeminar\SecondSeminar.pyproj", "{08115A5C-970C-4A14-8D73-AD9715C9E7B8}"
EndProject
Project("{888888A0-9F3D-457C-B088-3A5042F75D52}") = "ThirdSeminar", "ThirdSeminar\ThirdSeminar.pyproj", "{3D6C5373-5C6B-47D1-8235-1099A30E3544}"
EndProject
Project("{888888A0-9F3D-457C-B088-3A5042F75D52}") = "FourthSeminar", "FourthSeminar\FourthSeminar.pyproj", "{D07572AB-DB25-4F8E-9DD7-1E44B0EAADA1}"
EndProject
Project("{888888A0-9F3D-457C-B088-3A5042F75D52}") = "FifthSeminar", "FifthSeminar\FifthSeminar.pyproj", "{7DCA8C04-1E49-4AE1-8BF1-93401AD361F1}"
EndProject
Project("{888888A0-9F3D-457C-B088-3A5042F75D52}") = "SixthSeminar", "SixthSeminar\SixthSeminar.pyproj", "{19D71E5E-3F0C-4D4B-A687-DDCE58C39389}"
EndProject
Project("{888888A0-9F3D-457C-B088-3A5042F75D52}") = "SeventhSeminar", "SeventhSeminar\SeventhSeminar.pyproj", "{63263463-2A58-40C6-9DDA-4A94FF1A8451}"
EndProject
Project("{888888A0-9F3D-457C-B088-3A5042F75D52}") = "EightSeminar", "EightSeminar\EightSeminar.pyproj", "{1B039004-4D69-45CB-9A6F-25A68E0B90F7}"
EndProject
Global
	GlobalSection(SolutionConfigurationPlatforms) = preSolution
		Debug|Any CPU = Debug|Any CPU
		Release|Any CPU = Release|Any CPU
	EndGlobalSection
	GlobalSection(ProjectConfigurationPlatforms) = postSolution
		{FD1F9404-EE7F-48A4-8542-80A99354BF66}.Debug|Any CPU.ActiveCfg = Debug|Any CPU
		{FD1F9404-EE7F-48A4-8542-80A99354BF66}.Release|Any CPU.ActiveCfg = Release|Any CPU
		{08115A5C-970C-4A14-8D73-AD9715C9E7B8}.Debug|Any CPU.ActiveCfg = Debug|Any CPU
		{08115A5C-970C-4A14-8D73-AD9715C9E7B8}.Release|Any CPU.ActiveCfg = Release|Any CPU
		{3D6C5373-5C6B-47D1-8235-1099A30E3544}.Debug|Any CPU.ActiveCfg = Debug|Any CPU
		{3D6C5373-5C6B-47D1-8235-1099A30E3544}.Release|Any CPU.ActiveCfg = Release|Any CPU
		{D07572AB-DB25-4F8E-9DD7-1E44B0EAADA1}.Debug|Any CPU.ActiveCfg = Debug|Any CPU
		{D07572AB-DB25-4F8E-9DD7-1E44B0EAADA1}.Release|Any CPU.ActiveCfg = Release|Any CPU
		{7DCA8C04-1E49-4AE1-8BF1-93401AD361F1}.Debug|Any CPU.ActiveCfg = Debug|Any CPU
		{7DCA8C04-1E49-4AE1-8BF1-93401AD361F1}.Release|Any CPU.ActiveCfg = Release|Any CPU
		{19D71E5E-3F0C-4D4B-A687-DDCE58C39389}.Debug|Any CPU.ActiveCfg = Debug|Any CPU
		{19D71E5E-3F0C-4D4B-A687-DDCE58C39389}.Release|Any CPU.ActiveCfg = Release|Any CPU
		{63263463-2A58-40C6-9DDA-4A94FF1A8451}.Debug|Any CPU.ActiveCfg = Debug|Any CPU
		{63263463-2A58-40C6-9DDA-4A94FF1A8451}.Release|Any CPU.ActiveCfg = Release|Any CPU
		{1B039004-4D69-45CB-9A6F-25A68E0B90F7}.Debug|Any CPU.ActiveCfg = Debug|Any CPU
		{1B039004-4D69-45CB-9A6F-25A68E0B90F7}.Release|Any CPU.ActiveCfg = Release|Any CPU
	EndGlobalSection
	GlobalSection(SolutionProperties) = preSolution
		HideSolutionNode = FALSE
	EndGlobalSection
	GlobalSection(ExtensibilityGlobals) = postSolution
		SolutionGuid = {48C5715A-006B-492A-AFF9-F2435D2B31C2}
	EndGlobalSection
EndGlobal
