
Microsoft Visual Studio Solution File, Format Version 12.00
# Visual Studio Version 17
VisualStudioVersion = 17.6.33801.468
MinimumVisualStudioVersion = 10.0.40219.1
Project("{888888A0-9F3D-457C-B088-3A5042F75D52}") = "FirstSeminar", "FirstSeminar\FirstSeminar.pyproj", "{FD1F9404-EE7F-48A4-8542-80A99354BF66}"
EndProject
Global
	GlobalSection(SolutionConfigurationPlatforms) = preSolution
		Debug|Any CPU = Debug|Any CPU
		Release|Any CPU = Release|Any CPU
	EndGlobalSection
	GlobalSection(ProjectConfigurationPlatforms) = postSolution
		{FD1F9404-EE7F-48A4-8542-80A99354BF66}.Debug|Any CPU.ActiveCfg = Debug|Any CPU
		{FD1F9404-EE7F-48A4-8542-80A99354BF66}.Release|Any CPU.ActiveCfg = Release|Any CPU
	EndGlobalSection
	GlobalSection(SolutionProperties) = preSolution
		HideSolutionNode = FALSE
	EndGlobalSection
	GlobalSection(ExtensibilityGlobals) = postSolution
		SolutionGuid = {48C5715A-006B-492A-AFF9-F2435D2B31C2}
	EndGlobalSection
EndGlobal
